
Microsoft Visual Studio Solution File, Format Version 12.00
# Visual Studio 15
VisualStudioVersion = 15.0.26906.1
MinimumVisualStudioVersion = 10.0.40219.1
Project("{9092AA53-FB77-4645-B42D-1CCCA6BD08BD}") = "curryfun", "curryfun\curryfun.njsproj", "{9F18B04C-6054-402A-B0A9-FA768DD08106}"
EndProject
Global
	GlobalSection(SolutionConfigurationPlatforms) = preSolution
		Debug|Any CPU = Debug|Any CPU
		Release|Any CPU = Release|Any CPU
	EndGlobalSection
	GlobalSection(ProjectConfigurationPlatforms) = postSolution
		{9F18B04C-6054-402A-B0A9-FA768DD08106}.Debug|Any CPU.ActiveCfg = Debug|Any CPU
		{9F18B04C-6054-402A-B0A9-FA768DD08106}.Debug|Any CPU.Build.0 = Debug|Any CPU
		{9F18B04C-6054-402A-B0A9-FA768DD08106}.Release|Any CPU.ActiveCfg = Release|Any CPU
		{9F18B04C-6054-402A-B0A9-FA768DD08106}.Release|Any CPU.Build.0 = Release|Any CPU
	EndGlobalSection
	GlobalSection(SolutionProperties) = preSolution
		HideSolutionNode = FALSE
	EndGlobalSection
	GlobalSection(ExtensibilityGlobals) = postSolution
		SolutionGuid = {85F358F3-61EB-49AA-8793-07CD1B314D2B}
	EndGlobalSection
EndGlobal
